
Microsoft Visual Studio Solution File, Format Version 12.00
# Visual Studio Version 17
VisualStudioVersion = 17.5.002.0
MinimumVisualStudioVersion = 10.0.40219.1
Project("{9A19103F-16F7-4668-BE54-9A1E7A4F7556}") = "APL2003", "APL2003.csproj", "{16E16826-7277-4FDA-BC92-5D93AADD3EBA}"
EndProject
Global
	GlobalSection(SolutionConfigurationPlatforms) = preSolution
		Debug|Any CPU = Debug|Any CPU
		Release|Any CPU = Release|Any CPU
	EndGlobalSection
	GlobalSection(ProjectConfigurationPlatforms) = postSolution
		{16E16826-7277-4FDA-BC92-5D93AADD3EBA}.Debug|Any CPU.ActiveCfg = Debug|Any CPU
		{16E16826-7277-4FDA-BC92-5D93AADD3EBA}.Debug|Any CPU.Build.0 = Debug|Any CPU
		{16E16826-7277-4FDA-BC92-5D93AADD3EBA}.Release|Any CPU.ActiveCfg = Release|Any CPU
		{16E16826-7277-4FDA-BC92-5D93AADD3EBA}.Release|Any CPU.Build.0 = Release|Any CPU
	EndGlobalSection
	GlobalSection(SolutionProperties) = preSolution
		HideSolutionNode = FALSE
	EndGlobalSection
	GlobalSection(ExtensibilityGlobals) = postSolution
		SolutionGuid = {14B683B3-3FBF-41DD-A43D-2C57A48CD953}
	EndGlobalSection
EndGlobal
